// !$*UTF8*$!
{
	archiveVersion = 1;
	classes = {
	};
	objectVersion = 56;
	objects = {

/* Begin PBXBuildFile section */
		040C8EB32B0EF15300F47ACE /* ArticleData.swift in Sources */ = {isa = PBXBuildFile; fileRef = 040C8EB22B0EF15300F47ACE /* ArticleData.swift */; };
		045F97272B16479E00B4D929 /* Config.xcconfig in Resources */ = {isa = PBXBuildFile; fileRef = 045F97262B16479E00B4D929 /* Config.xcconfig */; };
		045F97302B16497200B4D929 /* GetSinglepost.swift in Sources */ = {isa = PBXBuildFile; fileRef = 045F972F2B16497200B4D929 /* GetSinglepost.swift */; };
		047FFA842B197AF8007E8CDA /* AddBookmark.swift in Sources */ = {isa = PBXBuildFile; fileRef = 047FFA832B197AF8007E8CDA /* AddBookmark.swift */; };
		047FFA862B197B05007E8CDA /* DeleteBookmark.swift in Sources */ = {isa = PBXBuildFile; fileRef = 047FFA852B197B05007E8CDA /* DeleteBookmark.swift */; };
		047FFA882B197B71007E8CDA /* postRequestBody.swift in Sources */ = {isa = PBXBuildFile; fileRef = 047FFA872B197B71007E8CDA /* postRequestBody.swift */; };
		04A524C52B0FD11300FCAC2C /* CollectionHeaderView.swift in Sources */ = {isa = PBXBuildFile; fileRef = 04A524C42B0FD11300FCAC2C /* CollectionHeaderView.swift */; };
		04B2C2F62B0DC37000FD20E3 /* ArticleDataModel.swift in Sources */ = {isa = PBXBuildFile; fileRef = 04B2C2F52B0DC37000FD20E3 /* ArticleDataModel.swift */; };
		04B2C2F92B0DC7E200FD20E3 /* CollectionViewCell.swift in Sources */ = {isa = PBXBuildFile; fileRef = 04B2C2F82B0DC7E200FD20E3 /* CollectionViewCell.swift */; };
		C3020A3F2B0906D7000919CF /* UILabel+.swift in Sources */ = {isa = PBXBuildFile; fileRef = C3020A3E2B0906D7000919CF /* UILabel+.swift */; };
		C3020A432B090704000919CF /* HomeViewController.swift in Sources */ = {isa = PBXBuildFile; fileRef = C3020A422B090704000919CF /* HomeViewController.swift */; };
		C3020A4C2B090796000919CF /* NoteDetailViewController.swift in Sources */ = {isa = PBXBuildFile; fileRef = C3020A4B2B090796000919CF /* NoteDetailViewController.swift */; };
		C3020A4F2B0907AE000919CF /* LibraryViewController.swift in Sources */ = {isa = PBXBuildFile; fileRef = C3020A4E2B0907AE000919CF /* LibraryViewController.swift */; };
		C3020A512B0907D1000919CF /* NetworkError.swift in Sources */ = {isa = PBXBuildFile; fileRef = C3020A502B0907D1000919CF /* NetworkError.swift */; };
		C3020A5A2B09083E000919CF /* a.swift in Sources */ = {isa = PBXBuildFile; fileRef = C3020A592B09083E000919CF /* a.swift */; };
		C3020A5C2B090847000919CF /* b.swift in Sources */ = {isa = PBXBuildFile; fileRef = C3020A5B2B090847000919CF /* b.swift */; };
		C3020A5E2B09084C000919CF /* c.swift in Sources */ = {isa = PBXBuildFile; fileRef = C3020A5D2B09084C000919CF /* c.swift */; };
		C3020A622B090AAD000919CF /* HomeTabBarViewController.swift in Sources */ = {isa = PBXBuildFile; fileRef = C3020A612B090AAD000919CF /* HomeTabBarViewController.swift */; };
		C3020A642B090ACB000919CF /* HomeTabBarItem.swift in Sources */ = {isa = PBXBuildFile; fileRef = C3020A632B090ACB000919CF /* HomeTabBarItem.swift */; };
		C3020A672B090DEA000919CF /* AlarmViewController.swift in Sources */ = {isa = PBXBuildFile; fileRef = C3020A662B090DEA000919CF /* AlarmViewController.swift */; };
		C3020A692B090DFF000919CF /* MyPageViewController.swift in Sources */ = {isa = PBXBuildFile; fileRef = C3020A682B090DFF000919CF /* MyPageViewController.swift */; };
		C3020A6B2B090F2A000919CF /* UITabBar+.swift in Sources */ = {isa = PBXBuildFile; fileRef = C3020A6A2B090F2A000919CF /* UITabBar+.swift */; };
		C3020A6D2B090F71000919CF /* CALayer+.swift in Sources */ = {isa = PBXBuildFile; fileRef = C3020A6C2B090F71000919CF /* CALayer+.swift */; };
		C32E774E2B0F4976001433C8 /* OpenNoteCollectionViewCell.swift in Sources */ = {isa = PBXBuildFile; fileRef = C32E774D2B0F4976001433C8 /* OpenNoteCollectionViewCell.swift */; };
		C32E77512B0F50ED001433C8 /* OpenNoteModel.swift in Sources */ = {isa = PBXBuildFile; fileRef = C32E77502B0F50ED001433C8 /* OpenNoteModel.swift */; };
		C32E77542B0F58C3001433C8 /* HomeEventView.swift in Sources */ = {isa = PBXBuildFile; fileRef = C32E77532B0F58C3001433C8 /* HomeEventView.swift */; };
		C32E77572B10AA44001433C8 /* EventImageCollectionViewCell.swift in Sources */ = {isa = PBXBuildFile; fileRef = C32E77562B10AA44001433C8 /* EventImageCollectionViewCell.swift */; };
		C32E77592B10D944001433C8 /* HomeMainView.swift in Sources */ = {isa = PBXBuildFile; fileRef = C32E77582B10D944001433C8 /* HomeMainView.swift */; };
		C32E775B2B10DEE2001433C8 /* HomeOpenNote.swift in Sources */ = {isa = PBXBuildFile; fileRef = C32E775A2B10DEE2001433C8 /* HomeOpenNote.swift */; };
		C33273712B1880130003904E /* Config.xcconfig in Resources */ = {isa = PBXBuildFile; fileRef = C33273702B1880130003904E /* Config.xcconfig */; };
		C33BABD02B145A1C00A25A61 /* Config.swift in Sources */ = {isa = PBXBuildFile; fileRef = C33BABCF2B145A1C00A25A61 /* Config.swift */; };
		C34113DA2B15ADA4001585BF /* LibraryService.swift in Sources */ = {isa = PBXBuildFile; fileRef = C34113D92B15ADA4001585BF /* LibraryService.swift */; };
		C34113DC2B15AE41001585BF /* LibraryStampResponseDTO.swift in Sources */ = {isa = PBXBuildFile; fileRef = C34113DB2B15AE41001585BF /* LibraryStampResponseDTO.swift */; };
		C3EB06C02B0CD783005346DF /* HomeTabBar.swift in Sources */ = {isa = PBXBuildFile; fileRef = C3EB06BF2B0CD783005346DF /* HomeTabBar.swift */; };
		C3ECFBDD2B08676E00118AB3 /* AppDelegate.swift in Sources */ = {isa = PBXBuildFile; fileRef = C3ECFBDC2B08676E00118AB3 /* AppDelegate.swift */; };
		C3ECFBDF2B08676E00118AB3 /* SceneDelegate.swift in Sources */ = {isa = PBXBuildFile; fileRef = C3ECFBDE2B08676E00118AB3 /* SceneDelegate.swift */; };
		C3ECFBE12B08676E00118AB3 /* ViewController.swift in Sources */ = {isa = PBXBuildFile; fileRef = C3ECFBE02B08676E00118AB3 /* ViewController.swift */; };
		C3ECFBE62B08677100118AB3 /* Assets.xcassets in Resources */ = {isa = PBXBuildFile; fileRef = C3ECFBE52B08677100118AB3 /* Assets.xcassets */; };
		C3ECFBE92B08677100118AB3 /* LaunchScreen.storyboard in Resources */ = {isa = PBXBuildFile; fileRef = C3ECFBE72B08677100118AB3 /* LaunchScreen.storyboard */; };
		C3ECFBF22B08685C00118AB3 /* SnapKit in Frameworks */ = {isa = PBXBuildFile; productRef = C3ECFBF12B08685C00118AB3 /* SnapKit */; };
		C3ECFBF52B08686400118AB3 /* Then in Frameworks */ = {isa = PBXBuildFile; productRef = C3ECFBF42B08686400118AB3 /* Then */; };
		C3ECFBF72B08694100118AB3 /* UIView+.swift in Sources */ = {isa = PBXBuildFile; fileRef = C3ECFBF62B08694100118AB3 /* UIView+.swift */; };
		C3ECFBFC2B08697300118AB3 /* UIStackView+.swift in Sources */ = {isa = PBXBuildFile; fileRef = C3ECFBFB2B08697300118AB3 /* UIStackView+.swift */; };
		C3ECFC002B086A1500118AB3 /* UIColor+.swift in Sources */ = {isa = PBXBuildFile; fileRef = C3ECFBFF2B086A1500118AB3 /* UIColor+.swift */; };
		C3ECFC022B086A6F00118AB3 /* Image.swift in Sources */ = {isa = PBXBuildFile; fileRef = C3ECFC012B086A6F00118AB3 /* Image.swift */; };
		C3ECFC052B086B2900118AB3 /* String.swift in Sources */ = {isa = PBXBuildFile; fileRef = C3ECFC042B086B2900118AB3 /* String.swift */; };
		C3ECFC072B086C7700118AB3 /* Color.swift in Sources */ = {isa = PBXBuildFile; fileRef = C3ECFC062B086C7700118AB3 /* Color.swift */; };
		C3ECFC092B086CF500118AB3 /* Font.swift in Sources */ = {isa = PBXBuildFile; fileRef = C3ECFC082B086CF500118AB3 /* Font.swift */; };
		C3ECFC0B2B086D7E00118AB3 /* Pretendard-Light.otf in Resources */ = {isa = PBXBuildFile; fileRef = C3ECFC0A2B086D7E00118AB3 /* Pretendard-Light.otf */; };
		C3ECFC0D2B086D8A00118AB3 /* Pretendard-Bold.otf in Resources */ = {isa = PBXBuildFile; fileRef = C3ECFC0C2B086D8A00118AB3 /* Pretendard-Bold.otf */; };
		C3ECFC112B086D9B00118AB3 /* Pretendard-Medium.otf in Resources */ = {isa = PBXBuildFile; fileRef = C3ECFC0E2B086D9B00118AB3 /* Pretendard-Medium.otf */; };
		C3ECFC122B086D9B00118AB3 /* Pretendard-Regular.otf in Resources */ = {isa = PBXBuildFile; fileRef = C3ECFC0F2B086D9B00118AB3 /* Pretendard-Regular.otf */; };
		C3ECFC132B086D9B00118AB3 /* Pretendard-SemiBold.otf in Resources */ = {isa = PBXBuildFile; fileRef = C3ECFC102B086D9B00118AB3 /* Pretendard-SemiBold.otf */; };
		C3ECFC162B086EE600118AB3 /* BaseView.swift in Sources */ = {isa = PBXBuildFile; fileRef = C3ECFC152B086EE600118AB3 /* BaseView.swift */; };
		C3ECFC182B086EF100118AB3 /* BaseViewController.swift in Sources */ = {isa = PBXBuildFile; fileRef = C3ECFC172B086EF100118AB3 /* BaseViewController.swift */; };
		C3FD54032B0E405E00ADB912 /* HomeButton.swift in Sources */ = {isa = PBXBuildFile; fileRef = C3FD54022B0E405E00ADB912 /* HomeButton.swift */; };
		E58C9D342B10BFB9005F8CF5 /* CustomNoteViewNavigation.swift in Sources */ = {isa = PBXBuildFile; fileRef = E58C9D332B10BFB9005F8CF5 /* CustomNoteViewNavigation.swift */; };
		E58C9D362B10BFFB005F8CF5 /* CustomNoteViewFooterView.swift in Sources */ = {isa = PBXBuildFile; fileRef = E58C9D352B10BFFB005F8CF5 /* CustomNoteViewFooterView.swift */; };
		E5D1CAF52B0BB89700C50722 /* NoteViewContoller.swift in Sources */ = {isa = PBXBuildFile; fileRef = E5D1CAF42B0BB89700C50722 /* NoteViewContoller.swift */; };
		E5D1CAFB2B0C5D6C00C50722 /* FilterButtonData.swift in Sources */ = {isa = PBXBuildFile; fileRef = E5D1CAFA2B0C5D6C00C50722 /* FilterButtonData.swift */; };
		E5D1CAFD2B0C5EC300C50722 /* FilterButtonCollectionViewCell.swift in Sources */ = {isa = PBXBuildFile; fileRef = E5D1CAFC2B0C5EC300C50722 /* FilterButtonCollectionViewCell.swift */; };
		E5D1CAFF2B0C5F1400C50722 /* NoteData.swift in Sources */ = {isa = PBXBuildFile; fileRef = E5D1CAFE2B0C5F1400C50722 /* NoteData.swift */; };
		E5D1CB012B0C5F2900C50722 /* NoteCollectionViewCell.swift in Sources */ = {isa = PBXBuildFile; fileRef = E5D1CB002B0C5F2900C50722 /* NoteCollectionViewCell.swift */; };
		E5D1CB032B0C5F7B00C50722 /* FilterButtonMakeCollectionViewCell.swift in Sources */ = {isa = PBXBuildFile; fileRef = E5D1CB022B0C5F7B00C50722 /* FilterButtonMakeCollectionViewCell.swift */; };
		E5D4C1F82B16498D0050232A /* LibrarySegmentedControl.swift in Sources */ = {isa = PBXBuildFile; fileRef = E5D4C1F72B16498D0050232A /* LibrarySegmentedControl.swift */; };
		E5D4C1FA2B1657880050232A /* ClassifyButtonView.swift in Sources */ = {isa = PBXBuildFile; fileRef = E5D4C1F92B1657880050232A /* ClassifyButtonView.swift */; };
		E5D4C1FC2B16735D0050232A /* LibraryMakeCollectionViewCell.swift in Sources */ = {isa = PBXBuildFile; fileRef = E5D4C1FB2B16735C0050232A /* LibraryMakeCollectionViewCell.swift */; };
		E5D4C1FE2B167ED20050232A /* UnExchangedStampCollectionViewCell.swift in Sources */ = {isa = PBXBuildFile; fileRef = E5D4C1FD2B167ED10050232A /* UnExchangedStampCollectionViewCell.swift */; };
		E5D4C2002B167F280050232A /* LibraryDescriptionCollectionViewCell.swift in Sources */ = {isa = PBXBuildFile; fileRef = E5D4C1FF2B167F280050232A /* LibraryDescriptionCollectionViewCell.swift */; };
		E5D4C2032B1771830050232A /* LibraryStampModel.swift in Sources */ = {isa = PBXBuildFile; fileRef = E5D4C2022B1771830050232A /* LibraryStampModel.swift */; };
		E5DC8CDB2B11C687007A4F12 /* CustomLibraryView.swift in Sources */ = {isa = PBXBuildFile; fileRef = E5DC8CDA2B11C687007A4F12 /* CustomLibraryView.swift */; };
		E5E1CC612B148B4E008A1FE8 /* LibraryCollectionViewCell.swift in Sources */ = {isa = PBXBuildFile; fileRef = E5E1CC602B148B4E008A1FE8 /* LibraryCollectionViewCell.swift */; };
		E5E1CC632B1491A6008A1FE8 /* MyNoteView.swift in Sources */ = {isa = PBXBuildFile; fileRef = E5E1CC622B1491A6008A1FE8 /* MyNoteView.swift */; };
		E5E1CC652B1491D8008A1FE8 /* MyStickerView.swift in Sources */ = {isa = PBXBuildFile; fileRef = E5E1CC642B1491D8008A1FE8 /* MyStickerView.swift */; };
		E5E1CC672B14920B008A1FE8 /* MyBookmarkView.swift in Sources */ = {isa = PBXBuildFile; fileRef = E5E1CC662B14920B008A1FE8 /* MyBookmarkView.swift */; };
		E5E1CC692B149260008A1FE8 /* LibraryPageViewController.swift in Sources */ = {isa = PBXBuildFile; fileRef = E5E1CC682B149260008A1FE8 /* LibraryPageViewController.swift */; };
/* End PBXBuildFile section */

/* Begin PBXFileReference section */
		040C8EB22B0EF15300F47ACE /* ArticleData.swift */ = {isa = PBXFileReference; lastKnownFileType = sourcecode.swift; path = ArticleData.swift; sourceTree = "<group>"; };
		045F97262B16479E00B4D929 /* Config.xcconfig */ = {isa = PBXFileReference; fileEncoding = 4; lastKnownFileType = text.xcconfig; path = Config.xcconfig; sourceTree = "<group>"; };
		045F972F2B16497200B4D929 /* GetSinglepost.swift */ = {isa = PBXFileReference; lastKnownFileType = sourcecode.swift; path = GetSinglepost.swift; sourceTree = "<group>"; };
		047FFA832B197AF8007E8CDA /* AddBookmark.swift */ = {isa = PBXFileReference; lastKnownFileType = sourcecode.swift; path = AddBookmark.swift; sourceTree = "<group>"; };
		047FFA852B197B05007E8CDA /* DeleteBookmark.swift */ = {isa = PBXFileReference; lastKnownFileType = sourcecode.swift; path = DeleteBookmark.swift; sourceTree = "<group>"; };
		047FFA872B197B71007E8CDA /* postRequestBody.swift */ = {isa = PBXFileReference; lastKnownFileType = sourcecode.swift; path = postRequestBody.swift; sourceTree = "<group>"; };
		04A524C42B0FD11300FCAC2C /* CollectionHeaderView.swift */ = {isa = PBXFileReference; lastKnownFileType = sourcecode.swift; path = CollectionHeaderView.swift; sourceTree = "<group>"; };
		04B2C2F52B0DC37000FD20E3 /* ArticleDataModel.swift */ = {isa = PBXFileReference; lastKnownFileType = sourcecode.swift; path = ArticleDataModel.swift; sourceTree = "<group>"; };
		04B2C2F82B0DC7E200FD20E3 /* CollectionViewCell.swift */ = {isa = PBXFileReference; lastKnownFileType = sourcecode.swift; path = CollectionViewCell.swift; sourceTree = "<group>"; };
		C3020A3E2B0906D7000919CF /* UILabel+.swift */ = {isa = PBXFileReference; lastKnownFileType = sourcecode.swift; path = "UILabel+.swift"; sourceTree = "<group>"; };
		C3020A422B090704000919CF /* HomeViewController.swift */ = {isa = PBXFileReference; lastKnownFileType = sourcecode.swift; path = HomeViewController.swift; sourceTree = "<group>"; };
		C3020A4B2B090796000919CF /* NoteDetailViewController.swift */ = {isa = PBXFileReference; lastKnownFileType = sourcecode.swift; path = NoteDetailViewController.swift; sourceTree = "<group>"; };
		C3020A4E2B0907AE000919CF /* LibraryViewController.swift */ = {isa = PBXFileReference; lastKnownFileType = sourcecode.swift; path = LibraryViewController.swift; sourceTree = "<group>"; };
		C3020A502B0907D1000919CF /* NetworkError.swift */ = {isa = PBXFileReference; lastKnownFileType = sourcecode.swift; path = NetworkError.swift; sourceTree = "<group>"; };
		C3020A592B09083E000919CF /* a.swift */ = {isa = PBXFileReference; lastKnownFileType = sourcecode.swift; path = a.swift; sourceTree = "<group>"; };
		C3020A5B2B090847000919CF /* b.swift */ = {isa = PBXFileReference; lastKnownFileType = sourcecode.swift; path = b.swift; sourceTree = "<group>"; };
		C3020A5D2B09084C000919CF /* c.swift */ = {isa = PBXFileReference; lastKnownFileType = sourcecode.swift; path = c.swift; sourceTree = "<group>"; };
		C3020A612B090AAD000919CF /* HomeTabBarViewController.swift */ = {isa = PBXFileReference; lastKnownFileType = sourcecode.swift; path = HomeTabBarViewController.swift; sourceTree = "<group>"; };
		C3020A632B090ACB000919CF /* HomeTabBarItem.swift */ = {isa = PBXFileReference; lastKnownFileType = sourcecode.swift; path = HomeTabBarItem.swift; sourceTree = "<group>"; };
		C3020A662B090DEA000919CF /* AlarmViewController.swift */ = {isa = PBXFileReference; lastKnownFileType = sourcecode.swift; path = AlarmViewController.swift; sourceTree = "<group>"; };
		C3020A682B090DFF000919CF /* MyPageViewController.swift */ = {isa = PBXFileReference; lastKnownFileType = sourcecode.swift; path = MyPageViewController.swift; sourceTree = "<group>"; };
		C3020A6A2B090F2A000919CF /* UITabBar+.swift */ = {isa = PBXFileReference; lastKnownFileType = sourcecode.swift; path = "UITabBar+.swift"; sourceTree = "<group>"; };
		C3020A6C2B090F71000919CF /* CALayer+.swift */ = {isa = PBXFileReference; lastKnownFileType = sourcecode.swift; path = "CALayer+.swift"; sourceTree = "<group>"; };
		C32E774D2B0F4976001433C8 /* OpenNoteCollectionViewCell.swift */ = {isa = PBXFileReference; lastKnownFileType = sourcecode.swift; path = OpenNoteCollectionViewCell.swift; sourceTree = "<group>"; };
		C32E77502B0F50ED001433C8 /* OpenNoteModel.swift */ = {isa = PBXFileReference; lastKnownFileType = sourcecode.swift; path = OpenNoteModel.swift; sourceTree = "<group>"; };
		C32E77532B0F58C3001433C8 /* HomeEventView.swift */ = {isa = PBXFileReference; lastKnownFileType = sourcecode.swift; path = HomeEventView.swift; sourceTree = "<group>"; };
		C32E77562B10AA44001433C8 /* EventImageCollectionViewCell.swift */ = {isa = PBXFileReference; lastKnownFileType = sourcecode.swift; path = EventImageCollectionViewCell.swift; sourceTree = "<group>"; };
		C32E77582B10D944001433C8 /* HomeMainView.swift */ = {isa = PBXFileReference; lastKnownFileType = sourcecode.swift; path = HomeMainView.swift; sourceTree = "<group>"; };
		C32E775A2B10DEE2001433C8 /* HomeOpenNote.swift */ = {isa = PBXFileReference; lastKnownFileType = sourcecode.swift; path = HomeOpenNote.swift; sourceTree = "<group>"; };
		C33273702B1880130003904E /* Config.xcconfig */ = {isa = PBXFileReference; fileEncoding = 4; lastKnownFileType = text.xcconfig; path = Config.xcconfig; sourceTree = "<group>"; };
		C33BABCF2B145A1C00A25A61 /* Config.swift */ = {isa = PBXFileReference; lastKnownFileType = sourcecode.swift; path = Config.swift; sourceTree = "<group>"; };
		C34113D92B15ADA4001585BF /* LibraryService.swift */ = {isa = PBXFileReference; lastKnownFileType = sourcecode.swift; path = LibraryService.swift; sourceTree = "<group>"; };
		C34113DB2B15AE41001585BF /* LibraryStampResponseDTO.swift */ = {isa = PBXFileReference; lastKnownFileType = sourcecode.swift; path = LibraryStampResponseDTO.swift; sourceTree = "<group>"; };
		C3EB06BF2B0CD783005346DF /* HomeTabBar.swift */ = {isa = PBXFileReference; lastKnownFileType = sourcecode.swift; path = HomeTabBar.swift; sourceTree = "<group>"; };
		C3ECFBD92B08676E00118AB3 /* LongBlack-iOS.app */ = {isa = PBXFileReference; explicitFileType = wrapper.application; includeInIndex = 0; path = "LongBlack-iOS.app"; sourceTree = BUILT_PRODUCTS_DIR; };
		C3ECFBDC2B08676E00118AB3 /* AppDelegate.swift */ = {isa = PBXFileReference; lastKnownFileType = sourcecode.swift; path = AppDelegate.swift; sourceTree = "<group>"; };
		C3ECFBDE2B08676E00118AB3 /* SceneDelegate.swift */ = {isa = PBXFileReference; lastKnownFileType = sourcecode.swift; path = SceneDelegate.swift; sourceTree = "<group>"; };
		C3ECFBE02B08676E00118AB3 /* ViewController.swift */ = {isa = PBXFileReference; lastKnownFileType = sourcecode.swift; path = ViewController.swift; sourceTree = "<group>"; };
		C3ECFBE52B08677100118AB3 /* Assets.xcassets */ = {isa = PBXFileReference; lastKnownFileType = folder.assetcatalog; path = Assets.xcassets; sourceTree = "<group>"; };
		C3ECFBE82B08677100118AB3 /* Base */ = {isa = PBXFileReference; lastKnownFileType = file.storyboard; name = Base; path = Base.lproj/LaunchScreen.storyboard; sourceTree = "<group>"; };
		C3ECFBEA2B08677100118AB3 /* Info.plist */ = {isa = PBXFileReference; lastKnownFileType = text.plist.xml; path = Info.plist; sourceTree = "<group>"; };
		C3ECFBF62B08694100118AB3 /* UIView+.swift */ = {isa = PBXFileReference; lastKnownFileType = sourcecode.swift; path = "UIView+.swift"; sourceTree = "<group>"; };
		C3ECFBFB2B08697300118AB3 /* UIStackView+.swift */ = {isa = PBXFileReference; lastKnownFileType = sourcecode.swift; path = "UIStackView+.swift"; sourceTree = "<group>"; };
		C3ECFBFF2B086A1500118AB3 /* UIColor+.swift */ = {isa = PBXFileReference; lastKnownFileType = sourcecode.swift; path = "UIColor+.swift"; sourceTree = "<group>"; };
		C3ECFC012B086A6F00118AB3 /* Image.swift */ = {isa = PBXFileReference; lastKnownFileType = sourcecode.swift; path = Image.swift; sourceTree = "<group>"; };
		C3ECFC042B086B2900118AB3 /* String.swift */ = {isa = PBXFileReference; lastKnownFileType = sourcecode.swift; path = String.swift; sourceTree = "<group>"; };
		C3ECFC062B086C7700118AB3 /* Color.swift */ = {isa = PBXFileReference; lastKnownFileType = sourcecode.swift; path = Color.swift; sourceTree = "<group>"; };
		C3ECFC082B086CF500118AB3 /* Font.swift */ = {isa = PBXFileReference; lastKnownFileType = sourcecode.swift; path = Font.swift; sourceTree = "<group>"; };
		C3ECFC0A2B086D7E00118AB3 /* Pretendard-Light.otf */ = {isa = PBXFileReference; lastKnownFileType = file; path = "Pretendard-Light.otf"; sourceTree = "<group>"; };
		C3ECFC0C2B086D8A00118AB3 /* Pretendard-Bold.otf */ = {isa = PBXFileReference; lastKnownFileType = file; path = "Pretendard-Bold.otf"; sourceTree = "<group>"; };
		C3ECFC0E2B086D9B00118AB3 /* Pretendard-Medium.otf */ = {isa = PBXFileReference; lastKnownFileType = file; path = "Pretendard-Medium.otf"; sourceTree = "<group>"; };
		C3ECFC0F2B086D9B00118AB3 /* Pretendard-Regular.otf */ = {isa = PBXFileReference; lastKnownFileType = file; path = "Pretendard-Regular.otf"; sourceTree = "<group>"; };
		C3ECFC102B086D9B00118AB3 /* Pretendard-SemiBold.otf */ = {isa = PBXFileReference; lastKnownFileType = file; path = "Pretendard-SemiBold.otf"; sourceTree = "<group>"; };
		C3ECFC152B086EE600118AB3 /* BaseView.swift */ = {isa = PBXFileReference; lastKnownFileType = sourcecode.swift; path = BaseView.swift; sourceTree = "<group>"; };
		C3ECFC172B086EF100118AB3 /* BaseViewController.swift */ = {isa = PBXFileReference; lastKnownFileType = sourcecode.swift; path = BaseViewController.swift; sourceTree = "<group>"; };
		C3FD54022B0E405E00ADB912 /* HomeButton.swift */ = {isa = PBXFileReference; lastKnownFileType = sourcecode.swift; path = HomeButton.swift; sourceTree = "<group>"; };
		E58C9D332B10BFB9005F8CF5 /* CustomNoteViewNavigation.swift */ = {isa = PBXFileReference; lastKnownFileType = sourcecode.swift; path = CustomNoteViewNavigation.swift; sourceTree = "<group>"; };
		E58C9D352B10BFFB005F8CF5 /* CustomNoteViewFooterView.swift */ = {isa = PBXFileReference; lastKnownFileType = sourcecode.swift; path = CustomNoteViewFooterView.swift; sourceTree = "<group>"; };
		E5D1CAF42B0BB89700C50722 /* NoteViewContoller.swift */ = {isa = PBXFileReference; lastKnownFileType = sourcecode.swift; path = NoteViewContoller.swift; sourceTree = "<group>"; };
		E5D1CAFA2B0C5D6C00C50722 /* FilterButtonData.swift */ = {isa = PBXFileReference; lastKnownFileType = sourcecode.swift; path = FilterButtonData.swift; sourceTree = "<group>"; };
		E5D1CAFC2B0C5EC300C50722 /* FilterButtonCollectionViewCell.swift */ = {isa = PBXFileReference; lastKnownFileType = sourcecode.swift; path = FilterButtonCollectionViewCell.swift; sourceTree = "<group>"; };
		E5D1CAFE2B0C5F1400C50722 /* NoteData.swift */ = {isa = PBXFileReference; lastKnownFileType = sourcecode.swift; path = NoteData.swift; sourceTree = "<group>"; };
		E5D1CB002B0C5F2900C50722 /* NoteCollectionViewCell.swift */ = {isa = PBXFileReference; lastKnownFileType = sourcecode.swift; path = NoteCollectionViewCell.swift; sourceTree = "<group>"; };
		E5D1CB022B0C5F7B00C50722 /* FilterButtonMakeCollectionViewCell.swift */ = {isa = PBXFileReference; lastKnownFileType = sourcecode.swift; path = FilterButtonMakeCollectionViewCell.swift; sourceTree = "<group>"; };
		E5D4C1F72B16498D0050232A /* LibrarySegmentedControl.swift */ = {isa = PBXFileReference; lastKnownFileType = sourcecode.swift; path = LibrarySegmentedControl.swift; sourceTree = "<group>"; };
		E5D4C1F92B1657880050232A /* ClassifyButtonView.swift */ = {isa = PBXFileReference; lastKnownFileType = sourcecode.swift; path = ClassifyButtonView.swift; sourceTree = "<group>"; };
		E5D4C1FB2B16735C0050232A /* LibraryMakeCollectionViewCell.swift */ = {isa = PBXFileReference; lastKnownFileType = sourcecode.swift; path = LibraryMakeCollectionViewCell.swift; sourceTree = "<group>"; };
		E5D4C1FD2B167ED10050232A /* UnExchangedStampCollectionViewCell.swift */ = {isa = PBXFileReference; lastKnownFileType = sourcecode.swift; path = UnExchangedStampCollectionViewCell.swift; sourceTree = "<group>"; };
		E5D4C1FF2B167F280050232A /* LibraryDescriptionCollectionViewCell.swift */ = {isa = PBXFileReference; lastKnownFileType = sourcecode.swift; path = LibraryDescriptionCollectionViewCell.swift; sourceTree = "<group>"; };
		E5D4C2022B1771830050232A /* LibraryStampModel.swift */ = {isa = PBXFileReference; lastKnownFileType = sourcecode.swift; path = LibraryStampModel.swift; sourceTree = "<group>"; };
		E5DC8CDA2B11C687007A4F12 /* CustomLibraryView.swift */ = {isa = PBXFileReference; lastKnownFileType = sourcecode.swift; path = CustomLibraryView.swift; sourceTree = "<group>"; };
		E5E1CC602B148B4E008A1FE8 /* LibraryCollectionViewCell.swift */ = {isa = PBXFileReference; lastKnownFileType = sourcecode.swift; path = LibraryCollectionViewCell.swift; sourceTree = "<group>"; };
		E5E1CC622B1491A6008A1FE8 /* MyNoteView.swift */ = {isa = PBXFileReference; lastKnownFileType = sourcecode.swift; path = MyNoteView.swift; sourceTree = "<group>"; };
		E5E1CC642B1491D8008A1FE8 /* MyStickerView.swift */ = {isa = PBXFileReference; lastKnownFileType = sourcecode.swift; path = MyStickerView.swift; sourceTree = "<group>"; };
		E5E1CC662B14920B008A1FE8 /* MyBookmarkView.swift */ = {isa = PBXFileReference; lastKnownFileType = sourcecode.swift; path = MyBookmarkView.swift; sourceTree = "<group>"; };
		E5E1CC682B149260008A1FE8 /* LibraryPageViewController.swift */ = {isa = PBXFileReference; lastKnownFileType = sourcecode.swift; path = LibraryPageViewController.swift; sourceTree = "<group>"; };
/* End PBXFileReference section */

/* Begin PBXFrameworksBuildPhase section */
		C3ECFBD62B08676E00118AB3 /* Frameworks */ = {
			isa = PBXFrameworksBuildPhase;
			buildActionMask = 2147483647;
			files = (
				C3ECFBF22B08685C00118AB3 /* SnapKit in Frameworks */,
				C3ECFBF52B08686400118AB3 /* Then in Frameworks */,
			);
			runOnlyForDeploymentPostprocessing = 0;
		};
/* End PBXFrameworksBuildPhase section */

/* Begin PBXGroup section */
		040C8EB42B0EFFE400F47ACE /* NoteDetail */ = {
			isa = PBXGroup;
			children = (
				045F972E2B16494900B4D929 /* Service */,
				045F972D2B16494400B4D929 /* DTO */,
			);
			path = NoteDetail;
			sourceTree = "<group>";
		};
		045F972D2B16494400B4D929 /* DTO */ = {
			isa = PBXGroup;
			children = (
				04B2C2F52B0DC37000FD20E3 /* ArticleDataModel.swift */,
				047FFA872B197B71007E8CDA /* postRequestBody.swift */,
			);
			path = DTO;
			sourceTree = "<group>";
		};
		045F972E2B16494900B4D929 /* Service */ = {
			isa = PBXGroup;
			children = (
				045F972F2B16497200B4D929 /* GetSinglepost.swift */,
				047FFA832B197AF8007E8CDA /* AddBookmark.swift */,
				047FFA852B197B05007E8CDA /* DeleteBookmark.swift */,
			);
			path = Service;
			sourceTree = "<group>";
		};
		04A524C32B0FD0F200FCAC2C /* View */ = {
			isa = PBXGroup;
			children = (
				04A524C42B0FD11300FCAC2C /* CollectionHeaderView.swift */,
			);
			path = View;
			sourceTree = "<group>";
		};
		04B2C2F02B0DC0AD00FD20E3 /* ViewController */ = {
			isa = PBXGroup;
			children = (
				C3020A4B2B090796000919CF /* NoteDetailViewController.swift */,
			);
			path = ViewController;
			sourceTree = "<group>";
		};
		04B2C2F12B0DC0B800FD20E3 /* Data */ = {
			isa = PBXGroup;
			children = (
				040C8EB22B0EF15300F47ACE /* ArticleData.swift */,
			);
			path = Data;
			sourceTree = "<group>";
		};
		04B2C2F22B0DC0C500FD20E3 /* Cell */ = {
			isa = PBXGroup;
			children = (
				04B2C2F82B0DC7E200FD20E3 /* CollectionViewCell.swift */,
			);
			path = Cell;
			sourceTree = "<group>";
		};
		C3020A402B0906E2000919CF /* Base */ = {
			isa = PBXGroup;
			children = (
				C3ECFC172B086EF100118AB3 /* BaseViewController.swift */,
				C3ECFC152B086EE600118AB3 /* BaseView.swift */,
			);
			path = Base;
			sourceTree = "<group>";
		};
		C3020A412B0906EA000919CF /* Home */ = {
			isa = PBXGroup;
			children = (
				C3020A602B090A9A000919CF /* TabBar */,
				C3020A652B090DD6000919CF /* ViewController */,
				C32E77552B0F5FBC001433C8 /* View */,
				C3FD54042B0E406300ADB912 /* Button */,
				C32E774F2B0F497D001433C8 /* Cell */,
				C32E77522B0F518E001433C8 /* Model */,
			);
			path = Home;
			sourceTree = "<group>";
		};
		C3020A442B09070E000919CF /* Note */ = {
			isa = PBXGroup;
			children = (
				E58C9D372B10C049005F8CF5 /* View */,
				E5D1CAF92B0C5CE700C50722 /* Data */,
				E5D1CAF82B0C5C6200C50722 /* Cell */,
				E5D1CAF32B0BB82C00C50722 /* ViewContoller */,
			);
			path = Note;
			sourceTree = "<group>";
		};
		C3020A452B09072E000919CF /* Storyboard */ = {
			isa = PBXGroup;
			children = (
				C3ECFBE72B08677100118AB3 /* LaunchScreen.storyboard */,
			);
			path = Storyboard;
			sourceTree = "<group>";
		};
		C3020A482B09076A000919CF /* NoteDetail */ = {
			isa = PBXGroup;
			children = (
				04A524C32B0FD0F200FCAC2C /* View */,
				04B2C2F22B0DC0C500FD20E3 /* Cell */,
				04B2C2F12B0DC0B800FD20E3 /* Data */,
				04B2C2F02B0DC0AD00FD20E3 /* ViewController */,
			);
			path = NoteDetail;
			sourceTree = "<group>";
		};
		C3020A4D2B09079E000919CF /* Library */ = {
			isa = PBXGroup;
			children = (
				E5D4C2012B17716D0050232A /* Model */,
				E5DC8CD92B11BFB6007A4F12 /* Data */,
				E5DC8CD82B11BFAF007A4F12 /* Cell */,
				E5DC8CD72B11BF9B007A4F12 /* Button */,
				E5DC8CD62B11BF96007A4F12 /* View */,
				E5DC8CD52B11BF71007A4F12 /* ViewController */,
			);
			path = Library;
			sourceTree = "<group>";
		};
		C3020A522B0907EB000919CF /* Network */ = {
			isa = PBXGroup;
			children = (
				C34113D62B15AD7B001585BF /* Library */,
				040C8EB42B0EFFE400F47ACE /* NoteDetail */,
				C3020A532B0907FF000919CF /* Base */,
				C3020A552B090818000919CF /* Note */,
			);
			path = Network;
			sourceTree = "<group>";
		};
		C3020A532B0907FF000919CF /* Base */ = {
			isa = PBXGroup;
			children = (
				C3020A502B0907D1000919CF /* NetworkError.swift */,
			);
			path = Base;
			sourceTree = "<group>";
		};
		C3020A552B090818000919CF /* Note */ = {
			isa = PBXGroup;
			children = (
				C3020A562B090820000919CF /* DTO */,
				C3020A5F2B090853000919CF /* Service */,
			);
			path = Note;
			sourceTree = "<group>";
		};
		C3020A562B090820000919CF /* DTO */ = {
			isa = PBXGroup;
			children = (
				C3020A582B090837000919CF /* Response */,
				C3020A572B090829000919CF /* Request */,
			);
			path = DTO;
			sourceTree = "<group>";
		};
		C3020A572B090829000919CF /* Request */ = {
			isa = PBXGroup;
			children = (
				C3020A5B2B090847000919CF /* b.swift */,
			);
			path = Request;
			sourceTree = "<group>";
		};
		C3020A582B090837000919CF /* Response */ = {
			isa = PBXGroup;
			children = (
				C3020A592B09083E000919CF /* a.swift */,
			);
			path = Response;
			sourceTree = "<group>";
		};
		C3020A5F2B090853000919CF /* Service */ = {
			isa = PBXGroup;
			children = (
				C3020A5D2B09084C000919CF /* c.swift */,
			);
			path = Service;
			sourceTree = "<group>";
		};
		C3020A602B090A9A000919CF /* TabBar */ = {
			isa = PBXGroup;
			children = (
				C3020A612B090AAD000919CF /* HomeTabBarViewController.swift */,
				C3020A632B090ACB000919CF /* HomeTabBarItem.swift */,
				C3EB06BF2B0CD783005346DF /* HomeTabBar.swift */,
			);
			path = TabBar;
			sourceTree = "<group>";
		};
		C3020A652B090DD6000919CF /* ViewController */ = {
			isa = PBXGroup;
			children = (
				C3020A422B090704000919CF /* HomeViewController.swift */,
				C3020A662B090DEA000919CF /* AlarmViewController.swift */,
				C3020A682B090DFF000919CF /* MyPageViewController.swift */,
			);
			path = ViewController;
			sourceTree = "<group>";
		};
		C32E774F2B0F497D001433C8 /* Cell */ = {
			isa = PBXGroup;
			children = (
				C32E774D2B0F4976001433C8 /* OpenNoteCollectionViewCell.swift */,
				C32E77562B10AA44001433C8 /* EventImageCollectionViewCell.swift */,
			);
			path = Cell;
			sourceTree = "<group>";
		};
		C32E77522B0F518E001433C8 /* Model */ = {
			isa = PBXGroup;
			children = (
				C32E77502B0F50ED001433C8 /* OpenNoteModel.swift */,
			);
			path = Model;
			sourceTree = "<group>";
		};
		C32E77552B0F5FBC001433C8 /* View */ = {
			isa = PBXGroup;
			children = (
				C32E77532B0F58C3001433C8 /* HomeEventView.swift */,
				C32E77582B10D944001433C8 /* HomeMainView.swift */,
				C32E775A2B10DEE2001433C8 /* HomeOpenNote.swift */,
			);
			path = View;
			sourceTree = "<group>";
		};
		C34113D62B15AD7B001585BF /* Library */ = {
			isa = PBXGroup;
			children = (
				C34113D82B15AD87001585BF /* Service */,
				C34113D72B15AD82001585BF /* DTO */,
			);
			path = Library;
			sourceTree = "<group>";
		};
		C34113D72B15AD82001585BF /* DTO */ = {
			isa = PBXGroup;
			children = (
				C34113DD2B15AE61001585BF /* Response */,
			);
			path = DTO;
			sourceTree = "<group>";
		};
		C34113D82B15AD87001585BF /* Service */ = {
			isa = PBXGroup;
			children = (
				C34113D92B15ADA4001585BF /* LibraryService.swift */,
			);
			path = Service;
			sourceTree = "<group>";
		};
		C34113DD2B15AE61001585BF /* Response */ = {
			isa = PBXGroup;
			children = (
				C34113DB2B15AE41001585BF /* LibraryStampResponseDTO.swift */,
			);
			path = Response;
			sourceTree = "<group>";
		};
		C3ECFBD02B08676E00118AB3 = {
			isa = PBXGroup;
			children = (
				C33273702B1880130003904E /* Config.xcconfig */,
				C3ECFBDB2B08676E00118AB3 /* LongBlack-iOS */,
				C3ECFBDA2B08676E00118AB3 /* Products */,
			);
			sourceTree = "<group>";
		};
		C3ECFBDA2B08676E00118AB3 /* Products */ = {
			isa = PBXGroup;
			children = (
				C3ECFBD92B08676E00118AB3 /* LongBlack-iOS.app */,
			);
			name = Products;
			sourceTree = "<group>";
		};
		C3ECFBDB2B08676E00118AB3 /* LongBlack-iOS */ = {
			isa = PBXGroup;
			children = (
				C3020A452B09072E000919CF /* Storyboard */,
				C3ECFBF92B08695200118AB3 /* Application */,
				C3ECFBFD2B0869C100118AB3 /* Global */,
				C3ECFBFA2B08695900118AB3 /* Presentation */,
				C3020A522B0907EB000919CF /* Network */,
			);
			path = "LongBlack-iOS";
			sourceTree = "<group>";
		};
		C3ECFBF82B08694600118AB3 /* Extensions */ = {
			isa = PBXGroup;
			children = (
				C3ECFBF62B08694100118AB3 /* UIView+.swift */,
				C3ECFBFB2B08697300118AB3 /* UIStackView+.swift */,
				C3ECFBFF2B086A1500118AB3 /* UIColor+.swift */,
				C3020A3E2B0906D7000919CF /* UILabel+.swift */,
				C3020A6A2B090F2A000919CF /* UITabBar+.swift */,
				C3020A6C2B090F71000919CF /* CALayer+.swift */,
			);
			path = Extensions;
			sourceTree = "<group>";
		};
		C3ECFBF92B08695200118AB3 /* Application */ = {
			isa = PBXGroup;
			children = (
				C3ECFBDC2B08676E00118AB3 /* AppDelegate.swift */,
				C3ECFBDE2B08676E00118AB3 /* SceneDelegate.swift */,
			);
			path = Application;
			sourceTree = "<group>";
		};
		C3ECFBFA2B08695900118AB3 /* Presentation */ = {
			isa = PBXGroup;
			children = (
				C3ECFBE02B08676E00118AB3 /* ViewController.swift */,
				C3020A402B0906E2000919CF /* Base */,
				C3020A412B0906EA000919CF /* Home */,
				C3020A442B09070E000919CF /* Note */,
				C3020A482B09076A000919CF /* NoteDetail */,
				C3020A4D2B09079E000919CF /* Library */,
			);
			path = Presentation;
			sourceTree = "<group>";
		};
		C3ECFBFD2B0869C100118AB3 /* Global */ = {
			isa = PBXGroup;
			children = (
				C3ECFBF82B08694600118AB3 /* Extensions */,
				C3ECFC032B086B2000118AB3 /* Literals */,
				C3ECFBFE2B0869CB00118AB3 /* Resources */,
			);
			path = Global;
			sourceTree = "<group>";
		};
		C3ECFBFE2B0869CB00118AB3 /* Resources */ = {
			isa = PBXGroup;
			children = (
				C3ECFC142B086DA000118AB3 /* Font */,
				C3ECFBE52B08677100118AB3 /* Assets.xcassets */,
				C3ECFBEA2B08677100118AB3 /* Info.plist */,
				C3ECFC062B086C7700118AB3 /* Color.swift */,
				C3ECFC082B086CF500118AB3 /* Font.swift */,
				C33BABCF2B145A1C00A25A61 /* Config.swift */,
			);
			path = Resources;
			sourceTree = "<group>";
		};
		C3ECFC032B086B2000118AB3 /* Literals */ = {
			isa = PBXGroup;
			children = (
				C3ECFC012B086A6F00118AB3 /* Image.swift */,
				C3ECFC042B086B2900118AB3 /* String.swift */,
			);
			path = Literals;
			sourceTree = "<group>";
		};
		C3ECFC142B086DA000118AB3 /* Font */ = {
			isa = PBXGroup;
			children = (
				C3ECFC0E2B086D9B00118AB3 /* Pretendard-Medium.otf */,
				C3ECFC0F2B086D9B00118AB3 /* Pretendard-Regular.otf */,
				C3ECFC102B086D9B00118AB3 /* Pretendard-SemiBold.otf */,
				C3ECFC0C2B086D8A00118AB3 /* Pretendard-Bold.otf */,
				C3ECFC0A2B086D7E00118AB3 /* Pretendard-Light.otf */,
			);
			path = Font;
			sourceTree = "<group>";
		};
		C3FD54042B0E406300ADB912 /* Button */ = {
			isa = PBXGroup;
			children = (
				C3FD54022B0E405E00ADB912 /* HomeButton.swift */,
			);
			path = Button;
			sourceTree = "<group>";
		};
		E58C9D372B10C049005F8CF5 /* View */ = {
			isa = PBXGroup;
			children = (
				E58C9D332B10BFB9005F8CF5 /* CustomNoteViewNavigation.swift */,
				E58C9D352B10BFFB005F8CF5 /* CustomNoteViewFooterView.swift */,
			);
			path = View;
			sourceTree = "<group>";
		};
		E5D1CAF32B0BB82C00C50722 /* ViewContoller */ = {
			isa = PBXGroup;
			children = (
				E5D1CAF42B0BB89700C50722 /* NoteViewContoller.swift */,
			);
			path = ViewContoller;
			sourceTree = "<group>";
		};
		E5D1CAF82B0C5C6200C50722 /* Cell */ = {
			isa = PBXGroup;
			children = (
				E5D1CAFC2B0C5EC300C50722 /* FilterButtonCollectionViewCell.swift */,
				E5D1CB002B0C5F2900C50722 /* NoteCollectionViewCell.swift */,
				E5D1CB022B0C5F7B00C50722 /* FilterButtonMakeCollectionViewCell.swift */,
			);
			path = Cell;
			sourceTree = "<group>";
		};
		E5D1CAF92B0C5CE700C50722 /* Data */ = {
			isa = PBXGroup;
			children = (
				E5D1CAFA2B0C5D6C00C50722 /* FilterButtonData.swift */,
				E5D1CAFE2B0C5F1400C50722 /* NoteData.swift */,
			);
			path = Data;
			sourceTree = "<group>";
		};
		E5D4C2012B17716D0050232A /* Model */ = {
			isa = PBXGroup;
			children = (
				E5D4C2022B1771830050232A /* LibraryStampModel.swift */,
			);
			path = Model;
			sourceTree = "<group>";
		};
		E5DC8CD52B11BF71007A4F12 /* ViewController */ = {
			isa = PBXGroup;
			children = (
				C3020A4E2B0907AE000919CF /* LibraryViewController.swift */,
				E5E1CC662B14920B008A1FE8 /* MyBookmarkView.swift */,
				E5E1CC642B1491D8008A1FE8 /* MyStickerView.swift */,
				E5E1CC622B1491A6008A1FE8 /* MyNoteView.swift */,
				E5E1CC682B149260008A1FE8 /* LibraryPageViewController.swift */,
			);
			path = ViewController;
			sourceTree = "<group>";
		};
		E5DC8CD62B11BF96007A4F12 /* View */ = {
			isa = PBXGroup;
			children = (
				E5DC8CDA2B11C687007A4F12 /* CustomLibraryView.swift */,
				E5D4C1F72B16498D0050232A /* LibrarySegmentedControl.swift */,
				E5D4C1F92B1657880050232A /* ClassifyButtonView.swift */,
			);
			path = View;
			sourceTree = "<group>";
		};
		E5DC8CD72B11BF9B007A4F12 /* Button */ = {
			isa = PBXGroup;
			children = (
			);
			path = Button;
			sourceTree = "<group>";
		};
		E5DC8CD82B11BFAF007A4F12 /* Cell */ = {
			isa = PBXGroup;
			children = (
				E5E1CC602B148B4E008A1FE8 /* LibraryCollectionViewCell.swift */,
				E5D4C1FB2B16735C0050232A /* LibraryMakeCollectionViewCell.swift */,
				E5D4C1FD2B167ED10050232A /* UnExchangedStampCollectionViewCell.swift */,
				E5D4C1FF2B167F280050232A /* LibraryDescriptionCollectionViewCell.swift */,
			);
			path = Cell;
			sourceTree = "<group>";
		};
		E5DC8CD92B11BFB6007A4F12 /* Data */ = {
			isa = PBXGroup;
			children = (
			);
			path = Data;
			sourceTree = "<group>";
		};
/* End PBXGroup section */

/* Begin PBXNativeTarget section */
		C3ECFBD82B08676E00118AB3 /* LongBlack-iOS */ = {
			isa = PBXNativeTarget;
			buildConfigurationList = C3ECFBED2B08677100118AB3 /* Build configuration list for PBXNativeTarget "LongBlack-iOS" */;
			buildPhases = (
				C3ECFBD52B08676E00118AB3 /* Sources */,
				C3ECFBD62B08676E00118AB3 /* Frameworks */,
				C3ECFBD72B08676E00118AB3 /* Resources */,
			);
			buildRules = (
			);
			dependencies = (
			);
			name = "LongBlack-iOS";
			packageProductDependencies = (
				C3ECFBF12B08685C00118AB3 /* SnapKit */,
				C3ECFBF42B08686400118AB3 /* Then */,
			);
			productName = "LongBlack-iOS";
			productReference = C3ECFBD92B08676E00118AB3 /* LongBlack-iOS.app */;
			productType = "com.apple.product-type.application";
		};
/* End PBXNativeTarget section */

/* Begin PBXProject section */
		C3ECFBD12B08676E00118AB3 /* Project object */ = {
			isa = PBXProject;
			attributes = {
				BuildIndependentTargetsInParallel = 1;
				LastSwiftUpdateCheck = 1500;
				LastUpgradeCheck = 1500;
				TargetAttributes = {
					C3ECFBD82B08676E00118AB3 = {
						CreatedOnToolsVersion = 15.0.1;
					};
				};
			};
			buildConfigurationList = C3ECFBD42B08676E00118AB3 /* Build configuration list for PBXProject "LongBlack-iOS" */;
			compatibilityVersion = "Xcode 14.0";
			developmentRegion = en;
			hasScannedForEncodings = 0;
			knownRegions = (
				en,
				Base,
			);
			mainGroup = C3ECFBD02B08676E00118AB3;
			packageReferences = (
				C3ECFBF02B08685C00118AB3 /* XCRemoteSwiftPackageReference "SnapKit" */,
				C3ECFBF32B08686400118AB3 /* XCRemoteSwiftPackageReference "Then" */,
			);
			productRefGroup = C3ECFBDA2B08676E00118AB3 /* Products */;
			projectDirPath = "";
			projectRoot = "";
			targets = (
				C3ECFBD82B08676E00118AB3 /* LongBlack-iOS */,
			);
		};
/* End PBXProject section */

/* Begin PBXResourcesBuildPhase section */
		C3ECFBD72B08676E00118AB3 /* Resources */ = {
			isa = PBXResourcesBuildPhase;
			buildActionMask = 2147483647;
			files = (
				C3ECFBE92B08677100118AB3 /* LaunchScreen.storyboard in Resources */,
				C3ECFC122B086D9B00118AB3 /* Pretendard-Regular.otf in Resources */,
				C3ECFC132B086D9B00118AB3 /* Pretendard-SemiBold.otf in Resources */,
				C3ECFC112B086D9B00118AB3 /* Pretendard-Medium.otf in Resources */,
				C33273712B1880130003904E /* Config.xcconfig in Resources */,
				C3ECFC0D2B086D8A00118AB3 /* Pretendard-Bold.otf in Resources */,
				C3ECFBE62B08677100118AB3 /* Assets.xcassets in Resources */,
				C3ECFC0B2B086D7E00118AB3 /* Pretendard-Light.otf in Resources */,
			);
			runOnlyForDeploymentPostprocessing = 0;
		};
/* End PBXResourcesBuildPhase section */

/* Begin PBXSourcesBuildPhase section */
		C3ECFBD52B08676E00118AB3 /* Sources */ = {
			isa = PBXSourcesBuildPhase;
			buildActionMask = 2147483647;
			files = (
				04B2C2F62B0DC37000FD20E3 /* ArticleDataModel.swift in Sources */,
				E5D4C1FA2B1657880050232A /* ClassifyButtonView.swift in Sources */,
				C3020A692B090DFF000919CF /* MyPageViewController.swift in Sources */,
				C3ECFC022B086A6F00118AB3 /* Image.swift in Sources */,
				E5D1CAFF2B0C5F1400C50722 /* NoteData.swift in Sources */,
				C3020A4C2B090796000919CF /* NoteDetailViewController.swift in Sources */,
				C3ECFBFC2B08697300118AB3 /* UIStackView+.swift in Sources */,
				C32E77572B10AA44001433C8 /* EventImageCollectionViewCell.swift in Sources */,
				C3FD54032B0E405E00ADB912 /* HomeButton.swift in Sources */,
				047FFA842B197AF8007E8CDA /* AddBookmark.swift in Sources */,
				C3020A5E2B09084C000919CF /* c.swift in Sources */,
				E58C9D362B10BFFB005F8CF5 /* CustomNoteViewFooterView.swift in Sources */,
				E5E1CC692B149260008A1FE8 /* LibraryPageViewController.swift in Sources */,
				E5D4C1FC2B16735D0050232A /* LibraryMakeCollectionViewCell.swift in Sources */,
				C3020A6B2B090F2A000919CF /* UITabBar+.swift in Sources */,
				C3ECFC092B086CF500118AB3 /* Font.swift in Sources */,
				04B2C2F92B0DC7E200FD20E3 /* CollectionViewCell.swift in Sources */,
				04A524C52B0FD11300FCAC2C /* CollectionHeaderView.swift in Sources */,
				C34113DC2B15AE41001585BF /* LibraryStampResponseDTO.swift in Sources */,
				C3020A5C2B090847000919CF /* b.swift in Sources */,
				E5D1CB012B0C5F2900C50722 /* NoteCollectionViewCell.swift in Sources */,
				E5D1CB032B0C5F7B00C50722 /* FilterButtonMakeCollectionViewCell.swift in Sources */,
				C32E77592B10D944001433C8 /* HomeMainView.swift in Sources */,
				C3020A4F2B0907AE000919CF /* LibraryViewController.swift in Sources */,
				C3020A3F2B0906D7000919CF /* UILabel+.swift in Sources */,
				C3020A672B090DEA000919CF /* AlarmViewController.swift in Sources */,
				E58C9D342B10BFB9005F8CF5 /* CustomNoteViewNavigation.swift in Sources */,
				C3ECFBF72B08694100118AB3 /* UIView+.swift in Sources */,
				045F97302B16497200B4D929 /* GetSinglepost.swift in Sources */,
				C3020A432B090704000919CF /* HomeViewController.swift in Sources */,
				C3ECFBE12B08676E00118AB3 /* ViewController.swift in Sources */,
				E5D1CAFB2B0C5D6C00C50722 /* FilterButtonData.swift in Sources */,
				E5D1CAFD2B0C5EC300C50722 /* FilterButtonCollectionViewCell.swift in Sources */,
				E5E1CC612B148B4E008A1FE8 /* LibraryCollectionViewCell.swift in Sources */,
				E5D4C1F82B16498D0050232A /* LibrarySegmentedControl.swift in Sources */,
				C3020A622B090AAD000919CF /* HomeTabBarViewController.swift in Sources */,
				C32E774E2B0F4976001433C8 /* OpenNoteCollectionViewCell.swift in Sources */,
				E5DC8CDB2B11C687007A4F12 /* CustomLibraryView.swift in Sources */,
				C3ECFC182B086EF100118AB3 /* BaseViewController.swift in Sources */,
				C3ECFBDD2B08676E00118AB3 /* AppDelegate.swift in Sources */,
				C3ECFBDF2B08676E00118AB3 /* SceneDelegate.swift in Sources */,
				C32E77542B0F58C3001433C8 /* HomeEventView.swift in Sources */,
				C32E775B2B10DEE2001433C8 /* HomeOpenNote.swift in Sources */,
				C3ECFC052B086B2900118AB3 /* String.swift in Sources */,
				C3ECFC002B086A1500118AB3 /* UIColor+.swift in Sources */,
				E5D1CAF52B0BB89700C50722 /* NoteViewContoller.swift in Sources */,
				047FFA862B197B05007E8CDA /* DeleteBookmark.swift in Sources */,
				E5E1CC672B14920B008A1FE8 /* MyBookmarkView.swift in Sources */,
				E5E1CC632B1491A6008A1FE8 /* MyNoteView.swift in Sources */,
				E5D4C1FE2B167ED20050232A /* UnExchangedStampCollectionViewCell.swift in Sources */,
				C3020A5A2B09083E000919CF /* a.swift in Sources */,
				C3ECFC162B086EE600118AB3 /* BaseView.swift in Sources */,
				040C8EB32B0EF15300F47ACE /* ArticleData.swift in Sources */,
				E5D4C2032B1771830050232A /* LibraryStampModel.swift in Sources */,
				C3020A642B090ACB000919CF /* HomeTabBarItem.swift in Sources */,
				C33BABD02B145A1C00A25A61 /* Config.swift in Sources */,
				C3020A512B0907D1000919CF /* NetworkError.swift in Sources */,
				C3EB06C02B0CD783005346DF /* HomeTabBar.swift in Sources */,
				E5E1CC652B1491D8008A1FE8 /* MyStickerView.swift in Sources */,
				C32E77512B0F50ED001433C8 /* OpenNoteModel.swift in Sources */,
				047FFA882B197B71007E8CDA /* postRequestBody.swift in Sources */,
				C34113DA2B15ADA4001585BF /* LibraryService.swift in Sources */,
				E5D4C2002B167F280050232A /* LibraryDescriptionCollectionViewCell.swift in Sources */,
				C3020A6D2B090F71000919CF /* CALayer+.swift in Sources */,
				C3ECFC072B086C7700118AB3 /* Color.swift in Sources */,
			);
			runOnlyForDeploymentPostprocessing = 0;
		};
/* End PBXSourcesBuildPhase section */

/* Begin PBXVariantGroup section */
		C3ECFBE72B08677100118AB3 /* LaunchScreen.storyboard */ = {
			isa = PBXVariantGroup;
			children = (
				C3ECFBE82B08677100118AB3 /* Base */,
			);
			name = LaunchScreen.storyboard;
			sourceTree = "<group>";
		};
/* End PBXVariantGroup section */

/* Begin XCBuildConfiguration section */
		C3ECFBEB2B08677100118AB3 /* Debug */ = {
			isa = XCBuildConfiguration;
			baseConfigurationReference = C33273702B1880130003904E /* Config.xcconfig */;
			buildSettings = {
				ALWAYS_SEARCH_USER_PATHS = NO;
				ASSETCATALOG_COMPILER_GENERATE_SWIFT_ASSET_SYMBOL_EXTENSIONS = YES;
				CLANG_ANALYZER_NONNULL = YES;
				CLANG_ANALYZER_NUMBER_OBJECT_CONVERSION = YES_AGGRESSIVE;
				CLANG_CXX_LANGUAGE_STANDARD = "gnu++20";
				CLANG_ENABLE_MODULES = YES;
				CLANG_ENABLE_OBJC_ARC = YES;
				CLANG_ENABLE_OBJC_WEAK = YES;
				CLANG_WARN_BLOCK_CAPTURE_AUTORELEASING = YES;
				CLANG_WARN_BOOL_CONVERSION = YES;
				CLANG_WARN_COMMA = YES;
				CLANG_WARN_CONSTANT_CONVERSION = YES;
				CLANG_WARN_DEPRECATED_OBJC_IMPLEMENTATIONS = YES;
				CLANG_WARN_DIRECT_OBJC_ISA_USAGE = YES_ERROR;
				CLANG_WARN_DOCUMENTATION_COMMENTS = YES;
				CLANG_WARN_EMPTY_BODY = YES;
				CLANG_WARN_ENUM_CONVERSION = YES;
				CLANG_WARN_INFINITE_RECURSION = YES;
				CLANG_WARN_INT_CONVERSION = YES;
				CLANG_WARN_NON_LITERAL_NULL_CONVERSION = YES;
				CLANG_WARN_OBJC_IMPLICIT_RETAIN_SELF = YES;
				CLANG_WARN_OBJC_LITERAL_CONVERSION = YES;
				CLANG_WARN_OBJC_ROOT_CLASS = YES_ERROR;
				CLANG_WARN_QUOTED_INCLUDE_IN_FRAMEWORK_HEADER = YES;
				CLANG_WARN_RANGE_LOOP_ANALYSIS = YES;
				CLANG_WARN_STRICT_PROTOTYPES = YES;
				CLANG_WARN_SUSPICIOUS_MOVE = YES;
				CLANG_WARN_UNGUARDED_AVAILABILITY = YES_AGGRESSIVE;
				CLANG_WARN_UNREACHABLE_CODE = YES;
				CLANG_WARN__DUPLICATE_METHOD_MATCH = YES;
				COPY_PHASE_STRIP = NO;
				DEBUG_INFORMATION_FORMAT = dwarf;
				ENABLE_STRICT_OBJC_MSGSEND = YES;
				ENABLE_TESTABILITY = YES;
				ENABLE_USER_SCRIPT_SANDBOXING = YES;
				GCC_C_LANGUAGE_STANDARD = gnu17;
				GCC_DYNAMIC_NO_PIC = NO;
				GCC_NO_COMMON_BLOCKS = YES;
				GCC_OPTIMIZATION_LEVEL = 0;
				GCC_PREPROCESSOR_DEFINITIONS = (
					"DEBUG=1",
					"$(inherited)",
				);
				GCC_WARN_64_TO_32_BIT_CONVERSION = YES;
				GCC_WARN_ABOUT_RETURN_TYPE = YES_ERROR;
				GCC_WARN_UNDECLARED_SELECTOR = YES;
				GCC_WARN_UNINITIALIZED_AUTOS = YES_AGGRESSIVE;
				GCC_WARN_UNUSED_FUNCTION = YES;
				GCC_WARN_UNUSED_VARIABLE = YES;
				IPHONEOS_DEPLOYMENT_TARGET = 17.0;
				LOCALIZATION_PREFERS_STRING_CATALOGS = YES;
				MTL_ENABLE_DEBUG_INFO = INCLUDE_SOURCE;
				MTL_FAST_MATH = YES;
				ONLY_ACTIVE_ARCH = YES;
				SDKROOT = iphoneos;
				SWIFT_ACTIVE_COMPILATION_CONDITIONS = "DEBUG $(inherited)";
				SWIFT_OPTIMIZATION_LEVEL = "-Onone";
			};
			name = Debug;
		};
		C3ECFBEC2B08677100118AB3 /* Release */ = {
			isa = XCBuildConfiguration;
			baseConfigurationReference = C33273702B1880130003904E /* Config.xcconfig */;
			buildSettings = {
				ALWAYS_SEARCH_USER_PATHS = NO;
				ASSETCATALOG_COMPILER_GENERATE_SWIFT_ASSET_SYMBOL_EXTENSIONS = YES;
				CLANG_ANALYZER_NONNULL = YES;
				CLANG_ANALYZER_NUMBER_OBJECT_CONVERSION = YES_AGGRESSIVE;
				CLANG_CXX_LANGUAGE_STANDARD = "gnu++20";
				CLANG_ENABLE_MODULES = YES;
				CLANG_ENABLE_OBJC_ARC = YES;
				CLANG_ENABLE_OBJC_WEAK = YES;
				CLANG_WARN_BLOCK_CAPTURE_AUTORELEASING = YES;
				CLANG_WARN_BOOL_CONVERSION = YES;
				CLANG_WARN_COMMA = YES;
				CLANG_WARN_CONSTANT_CONVERSION = YES;
				CLANG_WARN_DEPRECATED_OBJC_IMPLEMENTATIONS = YES;
				CLANG_WARN_DIRECT_OBJC_ISA_USAGE = YES_ERROR;
				CLANG_WARN_DOCUMENTATION_COMMENTS = YES;
				CLANG_WARN_EMPTY_BODY = YES;
				CLANG_WARN_ENUM_CONVERSION = YES;
				CLANG_WARN_INFINITE_RECURSION = YES;
				CLANG_WARN_INT_CONVERSION = YES;
				CLANG_WARN_NON_LITERAL_NULL_CONVERSION = YES;
				CLANG_WARN_OBJC_IMPLICIT_RETAIN_SELF = YES;
				CLANG_WARN_OBJC_LITERAL_CONVERSION = YES;
				CLANG_WARN_OBJC_ROOT_CLASS = YES_ERROR;
				CLANG_WARN_QUOTED_INCLUDE_IN_FRAMEWORK_HEADER = YES;
				CLANG_WARN_RANGE_LOOP_ANALYSIS = YES;
				CLANG_WARN_STRICT_PROTOTYPES = YES;
				CLANG_WARN_SUSPICIOUS_MOVE = YES;
				CLANG_WARN_UNGUARDED_AVAILABILITY = YES_AGGRESSIVE;
				CLANG_WARN_UNREACHABLE_CODE = YES;
				CLANG_WARN__DUPLICATE_METHOD_MATCH = YES;
				COPY_PHASE_STRIP = NO;
				DEBUG_INFORMATION_FORMAT = "dwarf-with-dsym";
				ENABLE_NS_ASSERTIONS = NO;
				ENABLE_STRICT_OBJC_MSGSEND = YES;
				ENABLE_USER_SCRIPT_SANDBOXING = YES;
				GCC_C_LANGUAGE_STANDARD = gnu17;
				GCC_NO_COMMON_BLOCKS = YES;
				GCC_WARN_64_TO_32_BIT_CONVERSION = YES;
				GCC_WARN_ABOUT_RETURN_TYPE = YES_ERROR;
				GCC_WARN_UNDECLARED_SELECTOR = YES;
				GCC_WARN_UNINITIALIZED_AUTOS = YES_AGGRESSIVE;
				GCC_WARN_UNUSED_FUNCTION = YES;
				GCC_WARN_UNUSED_VARIABLE = YES;
				IPHONEOS_DEPLOYMENT_TARGET = 17.0;
				LOCALIZATION_PREFERS_STRING_CATALOGS = YES;
				MTL_ENABLE_DEBUG_INFO = NO;
				MTL_FAST_MATH = YES;
				SDKROOT = iphoneos;
				SWIFT_COMPILATION_MODE = wholemodule;
				VALIDATE_PRODUCT = YES;
			};
			name = Release;
		};
		C3ECFBEE2B08677100118AB3 /* Debug */ = {
			isa = XCBuildConfiguration;
			buildSettings = {
				ASSETCATALOG_COMPILER_APPICON_NAME = AppIcon;
				ASSETCATALOG_COMPILER_GLOBAL_ACCENT_COLOR_NAME = AccentColor;
				CODE_SIGN_STYLE = Automatic;
				CURRENT_PROJECT_VERSION = 1;
				DEVELOPMENT_TEAM = Q827V73L8U;
				GENERATE_INFOPLIST_FILE = YES;
				INFOPLIST_FILE = "LongBlack-iOS/Global/Resources/Info.plist";
				INFOPLIST_KEY_UIApplicationSupportsIndirectInputEvents = YES;
				INFOPLIST_KEY_UILaunchStoryboardName = LaunchScreen;
				INFOPLIST_KEY_UIStatusBarStyle = "";
				INFOPLIST_KEY_UISupportedInterfaceOrientations_iPad = "UIInterfaceOrientationPortrait UIInterfaceOrientationPortraitUpsideDown UIInterfaceOrientationLandscapeLeft UIInterfaceOrientationLandscapeRight";
				INFOPLIST_KEY_UISupportedInterfaceOrientations_iPhone = "UIInterfaceOrientationPortrait UIInterfaceOrientationLandscapeLeft UIInterfaceOrientationLandscapeRight";
				LD_RUNPATH_SEARCH_PATHS = (
					"$(inherited)",
					"@executable_path/Frameworks",
				);
				MARKETING_VERSION = 1.0;
				PRODUCT_BUNDLE_IDENTIFIER = "chaen.LongBlack-iOS";
				PRODUCT_NAME = "$(TARGET_NAME)";
				SWIFT_EMIT_LOC_STRINGS = YES;
				SWIFT_VERSION = 5.0;
				TARGETED_DEVICE_FAMILY = "1,2";
			};
			name = Debug;
		};
		C3ECFBEF2B08677100118AB3 /* Release */ = {
			isa = XCBuildConfiguration;
			buildSettings = {
				ASSETCATALOG_COMPILER_APPICON_NAME = AppIcon;
				ASSETCATALOG_COMPILER_GLOBAL_ACCENT_COLOR_NAME = AccentColor;
				CODE_SIGN_STYLE = Automatic;
				CURRENT_PROJECT_VERSION = 1;
				DEVELOPMENT_TEAM = Q827V73L8U;
				GENERATE_INFOPLIST_FILE = YES;
				INFOPLIST_FILE = "LongBlack-iOS/Global/Resources/Info.plist";
				INFOPLIST_KEY_UIApplicationSupportsIndirectInputEvents = YES;
				INFOPLIST_KEY_UILaunchStoryboardName = LaunchScreen;
				INFOPLIST_KEY_UIStatusBarStyle = "";
				INFOPLIST_KEY_UISupportedInterfaceOrientations_iPad = "UIInterfaceOrientationPortrait UIInterfaceOrientationPortraitUpsideDown UIInterfaceOrientationLandscapeLeft UIInterfaceOrientationLandscapeRight";
				INFOPLIST_KEY_UISupportedInterfaceOrientations_iPhone = "UIInterfaceOrientationPortrait UIInterfaceOrientationLandscapeLeft UIInterfaceOrientationLandscapeRight";
				LD_RUNPATH_SEARCH_PATHS = (
					"$(inherited)",
					"@executable_path/Frameworks",
				);
				MARKETING_VERSION = 1.0;
				PRODUCT_BUNDLE_IDENTIFIER = "chaen.LongBlack-iOS";
				PRODUCT_NAME = "$(TARGET_NAME)";
				SWIFT_EMIT_LOC_STRINGS = YES;
				SWIFT_VERSION = 5.0;
				TARGETED_DEVICE_FAMILY = "1,2";
			};
			name = Release;
		};
/* End XCBuildConfiguration section */

/* Begin XCConfigurationList section */
		C3ECFBD42B08676E00118AB3 /* Build configuration list for PBXProject "LongBlack-iOS" */ = {
			isa = XCConfigurationList;
			buildConfigurations = (
				C3ECFBEB2B08677100118AB3 /* Debug */,
				C3ECFBEC2B08677100118AB3 /* Release */,
			);
			defaultConfigurationIsVisible = 0;
			defaultConfigurationName = Release;
		};
		C3ECFBED2B08677100118AB3 /* Build configuration list for PBXNativeTarget "LongBlack-iOS" */ = {
			isa = XCConfigurationList;
			buildConfigurations = (
				C3ECFBEE2B08677100118AB3 /* Debug */,
				C3ECFBEF2B08677100118AB3 /* Release */,
			);
			defaultConfigurationIsVisible = 0;
			defaultConfigurationName = Release;
		};
/* End XCConfigurationList section */

/* Begin XCRemoteSwiftPackageReference section */
		C3ECFBF02B08685C00118AB3 /* XCRemoteSwiftPackageReference "SnapKit" */ = {
			isa = XCRemoteSwiftPackageReference;
			repositoryURL = "https://github.com/SnapKit/SnapKit";
			requirement = {
				kind = upToNextMajorVersion;
				minimumVersion = 5.6.0;
			};
		};
		C3ECFBF32B08686400118AB3 /* XCRemoteSwiftPackageReference "Then" */ = {
			isa = XCRemoteSwiftPackageReference;
			repositoryURL = "https://github.com/devxoul/Then";
			requirement = {
				kind = upToNextMajorVersion;
				minimumVersion = 3.0.0;
			};
		};
/* End XCRemoteSwiftPackageReference section */

/* Begin XCSwiftPackageProductDependency section */
		C3ECFBF12B08685C00118AB3 /* SnapKit */ = {
			isa = XCSwiftPackageProductDependency;
			package = C3ECFBF02B08685C00118AB3 /* XCRemoteSwiftPackageReference "SnapKit" */;
			productName = SnapKit;
		};
		C3ECFBF42B08686400118AB3 /* Then */ = {
			isa = XCSwiftPackageProductDependency;
			package = C3ECFBF32B08686400118AB3 /* XCRemoteSwiftPackageReference "Then" */;
			productName = Then;
		};
/* End XCSwiftPackageProductDependency section */
	};
	rootObject = C3ECFBD12B08676E00118AB3 /* Project object */;
}
